
Microsoft Visual Studio Solution File, Format Version 12.00
# Visual Studio Version 17
VisualStudioVersion = 17.12.35707.178
MinimumVisualStudioVersion = 10.0.40219.1
Project("{FAE04EC0-301F-11D3-BF4B-00C04F79EFBC}") = "Todo App", "Crud işlemleri\Todo App.csproj", "{F566F93F-F8D6-4810-B859-B6C405974439}"
EndProject
Global
	GlobalSection(SolutionConfigurationPlatforms) = preSolution
		Debug|Any CPU = Debug|Any CPU
		Release|Any CPU = Release|Any CPU
	EndGlobalSection
	GlobalSection(ProjectConfigurationPlatforms) = postSolution
		{F566F93F-F8D6-4810-B859-B6C405974439}.Debug|Any CPU.ActiveCfg = Debug|Any CPU
		{F566F93F-F8D6-4810-B859-B6C405974439}.Debug|Any CPU.Build.0 = Debug|Any CPU
		{F566F93F-F8D6-4810-B859-B6C405974439}.Release|Any CPU.ActiveCfg = Release|Any CPU
		{F566F93F-F8D6-4810-B859-B6C405974439}.Release|Any CPU.Build.0 = Release|Any CPU
	EndGlobalSection
	GlobalSection(SolutionProperties) = preSolution
		HideSolutionNode = FALSE
	EndGlobalSection
EndGlobal
